
Microsoft Visual Studio Solution File, Format Version 12.00
# Visual Studio Version 17
VisualStudioVersion = 17.4.33205.214
MinimumVisualStudioVersion = 10.0.40219.1
Project("{9A19103F-16F7-4668-BE54-9A1E7A4F7556}") = "MongoTypeRepository", "Application\MongoTypeRepository\MongoTypeRepository.csproj", "{F90209D7-5465-47B1-AA23-2127BCE7CFF1}"
EndProject
Project("{FAE04EC0-301F-11D3-BF4B-00C04F79EFBC}") = "MongoTypeRepositoryExample", "MongoTypeRepositoryExample\MongoTypeRepositoryExample.csproj", "{55655E5D-E9B8-46C1-8D79-0DB4C2CAB3B0}"
EndProject
Global
	GlobalSection(SolutionConfigurationPlatforms) = preSolution
		Debug|Any CPU = Debug|Any CPU
		Release|Any CPU = Release|Any CPU
	EndGlobalSection
	GlobalSection(ProjectConfigurationPlatforms) = postSolution
		{F90209D7-5465-47B1-AA23-2127BCE7CFF1}.Debug|Any CPU.ActiveCfg = Debug|Any CPU
		{F90209D7-5465-47B1-AA23-2127BCE7CFF1}.Debug|Any CPU.Build.0 = Debug|Any CPU
		{F90209D7-5465-47B1-AA23-2127BCE7CFF1}.Release|Any CPU.ActiveCfg = Release|Any CPU
		{F90209D7-5465-47B1-AA23-2127BCE7CFF1}.Release|Any CPU.Build.0 = Release|Any CPU
		{55655E5D-E9B8-46C1-8D79-0DB4C2CAB3B0}.Debug|Any CPU.ActiveCfg = Debug|Any CPU
		{55655E5D-E9B8-46C1-8D79-0DB4C2CAB3B0}.Debug|Any CPU.Build.0 = Debug|Any CPU
		{55655E5D-E9B8-46C1-8D79-0DB4C2CAB3B0}.Release|Any CPU.ActiveCfg = Release|Any CPU
		{55655E5D-E9B8-46C1-8D79-0DB4C2CAB3B0}.Release|Any CPU.Build.0 = Release|Any CPU
	EndGlobalSection
	GlobalSection(SolutionProperties) = preSolution
		HideSolutionNode = FALSE
	EndGlobalSection
	GlobalSection(ExtensibilityGlobals) = postSolution
		SolutionGuid = {98B5D5F0-001C-4C4D-B22A-277D25A9438C}
	EndGlobalSection
EndGlobal
